
Microsoft Visual Studio Solution File, Format Version 12.00
# Visual Studio 2012
Project("{FAE04EC0-301F-11D3-BF4B-00C04F79EFBC}") = "AzureLeaseRemover", "AzureLeaseRemover\AzureLeaseRemover.csproj", "{152A61F3-B928-4C54-8BF1-9D346D4A4769}"
EndProject
Project("{2150E333-8FDC-42A3-9474-1A3956D46DE8}") = ".nuget", ".nuget", "{12DA3C07-EF17-4C92-AD7C-B65F41405869}"
	ProjectSection(SolutionItems) = preProject
		.nuget\NuGet.Config = .nuget\NuGet.Config
		.nuget\NuGet.exe = .nuget\NuGet.exe
		.nuget\NuGet.targets = .nuget\NuGet.targets
	EndProjectSection
EndProject
Global
	GlobalSection(SolutionConfigurationPlatforms) = preSolution
		Debug|Any CPU = Debug|Any CPU
		Release|Any CPU = Release|Any CPU
	EndGlobalSection
	GlobalSection(ProjectConfigurationPlatforms) = postSolution
		{152A61F3-B928-4C54-8BF1-9D346D4A4769}.Debug|Any CPU.ActiveCfg = Debug|Any CPU
		{152A61F3-B928-4C54-8BF1-9D346D4A4769}.Debug|Any CPU.Build.0 = Debug|Any CPU
		{152A61F3-B928-4C54-8BF1-9D346D4A4769}.Release|Any CPU.ActiveCfg = Release|Any CPU
		{152A61F3-B928-4C54-8BF1-9D346D4A4769}.Release|Any CPU.Build.0 = Release|Any CPU
	EndGlobalSection
	GlobalSection(SolutionProperties) = preSolution
		HideSolutionNode = FALSE
	EndGlobalSection
EndGlobal
